
Microsoft Visual Studio Solution File, Format Version 12.00
# Visual Studio Version 17
VisualStudioVersion = 17.0.31903.59
MinimumVisualStudioVersion = 10.0.40219.1
Project("{FAE04EC0-301F-11D3-BF4B-00C04F79EFBC}") = "DorkFortress", "DorkFortress\DorkFortress.csproj", "{16AB578B-9553-4BA9-A8DA-C9EB85C12F2B}"
EndProject
Project("{FAE04EC0-301F-11D3-BF4B-00C04F79EFBC}") = "DorkFortress.Tests", "DorkFortress.Tests\DorkFortress.Tests.csproj", "{4158ED11-0C3C-4611-9D77-FCEB6749603E}"
EndProject
Global
	GlobalSection(SolutionConfigurationPlatforms) = preSolution
		Debug|Any CPU = Debug|Any CPU
		Release|Any CPU = Release|Any CPU
	EndGlobalSection
	GlobalSection(SolutionProperties) = preSolution
		HideSolutionNode = FALSE
	EndGlobalSection
	GlobalSection(ProjectConfigurationPlatforms) = postSolution
		{16AB578B-9553-4BA9-A8DA-C9EB85C12F2B}.Debug|Any CPU.ActiveCfg = Debug|Any CPU
		{16AB578B-9553-4BA9-A8DA-C9EB85C12F2B}.Debug|Any CPU.Build.0 = Debug|Any CPU
		{16AB578B-9553-4BA9-A8DA-C9EB85C12F2B}.Release|Any CPU.ActiveCfg = Release|Any CPU
		{16AB578B-9553-4BA9-A8DA-C9EB85C12F2B}.Release|Any CPU.Build.0 = Release|Any CPU
		{4158ED11-0C3C-4611-9D77-FCEB6749603E}.Debug|Any CPU.ActiveCfg = Debug|Any CPU
		{4158ED11-0C3C-4611-9D77-FCEB6749603E}.Debug|Any CPU.Build.0 = Debug|Any CPU
		{4158ED11-0C3C-4611-9D77-FCEB6749603E}.Release|Any CPU.ActiveCfg = Release|Any CPU
		{4158ED11-0C3C-4611-9D77-FCEB6749603E}.Release|Any CPU.Build.0 = Release|Any CPU
	EndGlobalSection
EndGlobal
